# This file is automatically @generated by Cargo.
# It is not intended for manual editing.
version = 4

[[package]]
name = "rt_alloc"
version = "0.1.0"
dependencies = [
 "rt_core",
]

[[package]]
name = "rt_core"
version = "0.1.0"

[[package]]
name = "rt_handle"
version = "0.1.0"
dependencies = [
 "rt_core",
]

[[package]]
name = "rust_hello"
version = "0.1.0"
dependencies = [
 "rt_alloc",
 "rt_core",
 "rt_handle",
]

[[package]]
name = "rust_spawn_demo"
version = "0.1.0"
dependencies = [
 "rt_alloc",
 "rt_core",
 "rt_handle",
]
