# This file is automatically @generated by Cargo.
# It is not intended for manual editing.
version = 4

[[package]]
name = "anyhow"
version = "1.0.102"
source = "registry+https://github.com/rust-lang/crates.io-index"
checksum = "7f202df86484c868dbad7eaa557ef785d5c66295e41b460ef922eca0723b842c"

[[package]]
name = "async-trait"
version = "0.1.89"
source = "registry+https://github.com/rust-lang/crates.io-index"
checksum = "9035ad2d096bed7955a320ee7e2230574d28fd3c3a0f186cbea1ff3c7eed5dbb"
dependencies = [
 "proc-macro2",
 "quote",
 "syn",
]

[[package]]
name = "bitflags"
version = "2.11.1"
source = "registry+https://github.com/rust-lang/crates.io-index"
checksum = "c4512299f36f043ab09a583e57bceb5a5aab7a73db1805848e8fef3c9e8c78b3"

[[package]]
name = "bumpalo"
version = "3.20.2"
source = "registry+https://github.com/rust-lang/crates.io-index"
checksum = "5d20789868f4b01b2f2caec9f5c4e0213b41e3e5702a50157d699ae31ced2fcb"

[[package]]
name = "cap_std"
version = "0.1.0"
dependencies = [
 "rt_core",
 "rt_handle",
 "rt_io",
]

[[package]]
name = "cap_std_child_exit_demo"
version = "0.1.0"
dependencies = [
 "cap_std",
 "rt_alloc",
]

[[package]]
name = "cap_std_exec_demo"
version = "0.1.0"
dependencies = [
 "cap_std",
 "rt_alloc",
]

[[package]]
name = "cap_std_fs_demo"
version = "0.1.0"
dependencies = [
 "cap_std",
 "rt_alloc",
 "rt_handle",
 "rt_io",
]

[[package]]
name = "cap_std_wait_demo"
version = "0.1.0"
dependencies = [
 "cap_std",
 "rt_alloc",
]

[[package]]
name = "capgl_shader_wave"
version = "0.1.0"
dependencies = [
 "cap_std",
 "caplibgl",
 "capwm_client",
 "rt_alloc",
 "rt_core",
]

[[package]]
name = "caplibgl"
version = "0.1.0"
dependencies = [
 "rt_core",
 "rt_handle",
]

[[package]]
name = "capwm_client"
version = "0.1.0"
dependencies = [
 "cap_std",
 "caplibgl",
 "rt_core",
 "rt_handle",
]

[[package]]
name = "capwm_smoke"
version = "0.1.0"
dependencies = [
 "cap_std",
 "caplibgl",
 "capwm_client",
 "rt_alloc",
 "rt_core",
]

[[package]]
name = "cc"
version = "1.2.60"
source = "registry+https://github.com/rust-lang/crates.io-index"
checksum = "43c5703da9466b66a946814e1adf53ea2c90f10063b86290cc9eb67ce3478a20"
dependencies = [
 "find-msvc-tools",
 "shlex",
]

[[package]]
name = "cfg-if"
version = "1.0.4"
source = "registry+https://github.com/rust-lang/crates.io-index"
checksum = "9330f8b2ff13f34540b44e946ef35111825727b38d33286ef986142615121801"

[[package]]
name = "cobs"
version = "0.3.0"
source = "registry+https://github.com/rust-lang/crates.io-index"
checksum = "0fa961b519f0b462e3a3b4a34b64d119eeaca1d59af726fe450bbba07a9fc0a1"
dependencies = [
 "thiserror",
]

[[package]]
name = "cranelift-bitset"
version = "0.127.4"
source = "registry+https://github.com/rust-lang/crates.io-index"
checksum = "8283088d5823ba7856ab8d531b7c3654b24984748f9fd99dcf3210701fd1d065"
dependencies = [
 "serde",
 "serde_derive",
]

[[package]]
name = "cranelift-entity"
version = "0.127.4"
source = "registry+https://github.com/rust-lang/crates.io-index"
checksum = "625518090e912bdfe3c41464bf97ae421f6044d4ca0f5c3267dcacdb352b033d"
dependencies = [
 "cranelift-bitset",
 "serde",
 "serde_derive",
]

[[package]]
name = "embedded-io"
version = "0.4.0"
source = "registry+https://github.com/rust-lang/crates.io-index"
checksum = "ef1a6892d9eef45c8fa6b9e0086428a2cca8491aca8f787c534a3d6d0bcb3ced"

[[package]]
name = "embedded-io"
version = "0.6.1"
source = "registry+https://github.com/rust-lang/crates.io-index"
checksum = "edd0f118536f44f5ccd48bcb8b111bdc3de888b58c74639dfb034a357d0f206d"

[[package]]
name = "equivalent"
version = "1.0.2"
source = "registry+https://github.com/rust-lang/crates.io-index"
checksum = "877a4ace8713b0bcf2a4e7eec82529c029f1d0619886d18145fea96c3ffe5c0f"

[[package]]
name = "errno"
version = "0.3.14"
source = "registry+https://github.com/rust-lang/crates.io-index"
checksum = "39cab71617ae0d63f51a36d69f866391735b51691dbda63cf6f96d042b63efeb"
dependencies = [
 "libc",
 "windows-sys",
]

[[package]]
name = "find-msvc-tools"
version = "0.1.9"
source = "registry+https://github.com/rust-lang/crates.io-index"
checksum = "5baebc0774151f905a1a2cc41989300b1e6fbb29aff0ceffa1064fdd3088d582"

[[package]]
name = "foldhash"
version = "0.1.5"
source = "registry+https://github.com/rust-lang/crates.io-index"
checksum = "d9c4f5dac5e15c24eb999c26181a6ca40b39fe946cbe4c263c7209467bc83af2"

[[package]]
name = "gimli"
version = "0.32.3"
source = "registry+https://github.com/rust-lang/crates.io-index"
checksum = "e629b9b98ef3dd8afe6ca2bd0f89306cec16d43d907889945bc5d6687f2f13c7"

[[package]]
name = "hashbrown"
version = "0.15.5"
source = "registry+https://github.com/rust-lang/crates.io-index"
checksum = "9229cfe53dfd69f0609a49f65461bd93001ea1ef889cd5529dd176593f5338a1"
dependencies = [
 "foldhash",
 "serde",
]

[[package]]
name = "hashbrown"
version = "0.17.0"
source = "registry+https://github.com/rust-lang/crates.io-index"
checksum = "4f467dd6dccf739c208452f8014c75c18bb8301b050ad1cfb27153803edb0f51"

[[package]]
name = "indexmap"
version = "2.14.0"
source = "registry+https://github.com/rust-lang/crates.io-index"
checksum = "d466e9454f08e4a911e14806c24e16fba1b4c121d1ea474396f396069cf949d9"
dependencies = [
 "equivalent",
 "hashbrown 0.17.0",
 "serde",
 "serde_core",
]

[[package]]
name = "libc"
version = "0.2.185"
source = "registry+https://github.com/rust-lang/crates.io-index"
checksum = "52ff2c0fe9bc6cb6b14a0592c2ff4fa9ceb83eea9db979b0487cd054946a2b8f"

[[package]]
name = "libm"
version = "0.2.16"
source = "registry+https://github.com/rust-lang/crates.io-index"
checksum = "b6d2cec3eae94f9f509c767b45932f1ada8350c4bdb85af2fcab4a3c14807981"

[[package]]
name = "linux-raw-sys"
version = "0.12.1"
source = "registry+https://github.com/rust-lang/crates.io-index"
checksum = "32a66949e030da00e8c7d4434b251670a91556f4144941d37452769c25d58a53"

[[package]]
name = "log"
version = "0.4.29"
source = "registry+https://github.com/rust-lang/crates.io-index"
checksum = "5e5032e24019045c762d3c0f28f5b6b8bbf38563a65908389bf7978758920897"

[[package]]
name = "mach2"
version = "0.4.3"
source = "registry+https://github.com/rust-lang/crates.io-index"
checksum = "d640282b302c0bb0a2a8e0233ead9035e3bed871f0b7e81fe4a1ec829765db44"
dependencies = [
 "libc",
]

[[package]]
name = "memchr"
version = "2.8.0"
source = "registry+https://github.com/rust-lang/crates.io-index"
checksum = "f8ca58f447f06ed17d5fc4043ce1b10dd205e060fb3ce5b979b8ed8e59ff3f79"

[[package]]
name = "memfd"
version = "0.6.5"
source = "registry+https://github.com/rust-lang/crates.io-index"
checksum = "ad38eb12aea514a0466ea40a80fd8cc83637065948eb4a426e4aa46261175227"
dependencies = [
 "rustix",
]

[[package]]
name = "object"
version = "0.37.3"
source = "registry+https://github.com/rust-lang/crates.io-index"
checksum = "ff76201f031d8863c38aa7f905eca4f53abbfa15f609db4277d44cd8938f33fe"
dependencies = [
 "memchr",
]

[[package]]
name = "pachafetch"
version = "0.1.0"
dependencies = [
 "cap_std",
 "caplibgl",
 "capwm_client",
 "pachaland_assets",
 "pitty_assets",
 "rt_alloc",
 "rt_core",
]

[[package]]
name = "pachaland_assets"
version = "0.1.0"

[[package]]
name = "pitty_assets"
version = "0.1.0"

[[package]]
name = "postcard"
version = "1.1.3"
source = "registry+https://github.com/rust-lang/crates.io-index"
checksum = "6764c3b5dd454e283a30e6dfe78e9b31096d9e32036b5d1eaac7a6119ccb9a24"
dependencies = [
 "cobs",
 "embedded-io 0.4.0",
 "embedded-io 0.6.1",
 "serde",
]

[[package]]
name = "proc-macro2"
version = "1.0.106"
source = "registry+https://github.com/rust-lang/crates.io-index"
checksum = "8fd00f0bb2e90d81d1044c2b32617f68fcb9fa3bb7640c23e9c748e53fb30934"
dependencies = [
 "unicode-ident",
]

[[package]]
name = "pulley-interpreter"
version = "40.0.4"
source = "registry+https://github.com/rust-lang/crates.io-index"
checksum = "5de307c194cf6310d486dd5595ffc329c53b4acafd54e214752c1eb2e68be3a9"
dependencies = [
 "cranelift-bitset",
 "log",
 "pulley-macros",
 "wasmtime-internal-math",
]

[[package]]
name = "pulley-macros"
version = "40.0.4"
source = "registry+https://github.com/rust-lang/crates.io-index"
checksum = "99dca2747e910d10bafe911e172a1b35860268421c3ee5ddb7e16c35e0288b4a"
dependencies = [
 "proc-macro2",
 "quote",
 "syn",
]

[[package]]
name = "quote"
version = "1.0.45"
source = "registry+https://github.com/rust-lang/crates.io-index"
checksum = "41f2619966050689382d2b44f664f4bc593e129785a36d6ee376ddf37259b924"
dependencies = [
 "proc-macro2",
]

[[package]]
name = "rt_alloc"
version = "0.1.0"
dependencies = [
 "rt_core",
]

[[package]]
name = "rt_core"
version = "0.1.0"

[[package]]
name = "rt_handle"
version = "0.1.0"
dependencies = [
 "rt_core",
]

[[package]]
name = "rt_io"
version = "0.1.0"
dependencies = [
 "rt_core",
 "rt_handle",
]

[[package]]
name = "rt_wasmtime_platform"
version = "0.1.0"
dependencies = [
 "rt_core",
]

[[package]]
name = "rust_fs_demo"
version = "0.1.0"
dependencies = [
 "rt_alloc",
 "rt_core",
 "rt_handle",
 "rt_io",
]

[[package]]
name = "rust_fs_mut_demo"
version = "0.1.0"
dependencies = [
 "rt_alloc",
 "rt_core",
 "rt_handle",
 "rt_io",
]

[[package]]
name = "rust_hello"
version = "0.1.0"
dependencies = [
 "rt_alloc",
 "rt_core",
 "rt_handle",
]

[[package]]
name = "rust_open_exec_demo"
version = "0.1.0"
dependencies = [
 "rt_alloc",
 "rt_core",
 "rt_handle",
 "rt_io",
]

[[package]]
name = "rust_spawn_demo"
version = "0.1.0"
dependencies = [
 "rt_alloc",
 "rt_core",
 "rt_handle",
]

[[package]]
name = "rustix"
version = "1.1.4"
source = "registry+https://github.com/rust-lang/crates.io-index"
checksum = "b6fe4565b9518b83ef4f91bb47ce29620ca828bd32cb7e408f0062e9930ba190"
dependencies = [
 "bitflags",
 "errno",
 "libc",
 "linux-raw-sys",
 "windows-sys",
]

[[package]]
name = "serde"
version = "1.0.228"
source = "registry+https://github.com/rust-lang/crates.io-index"
checksum = "9a8e94ea7f378bd32cbbd37198a4a91436180c5bb472411e48b5ec2e2124ae9e"
dependencies = [
 "serde_core",
 "serde_derive",
]

[[package]]
name = "serde_core"
version = "1.0.228"
source = "registry+https://github.com/rust-lang/crates.io-index"
checksum = "41d385c7d4ca58e59fc732af25c3983b67ac852c1a25000afe1175de458b67ad"
dependencies = [
 "serde_derive",
]

[[package]]
name = "serde_derive"
version = "1.0.228"
source = "registry+https://github.com/rust-lang/crates.io-index"
checksum = "d540f220d3187173da220f885ab66608367b6574e925011a9353e4badda91d79"
dependencies = [
 "proc-macro2",
 "quote",
 "syn",
]

[[package]]
name = "shlex"
version = "1.3.0"
source = "registry+https://github.com/rust-lang/crates.io-index"
checksum = "0fda2ff0d084019ba4d7c6f371c95d8fd75ce3524c3cb8fb653a3023f6323e64"

[[package]]
name = "smallvec"
version = "1.15.1"
source = "registry+https://github.com/rust-lang/crates.io-index"
checksum = "67b1b7a3b5fe4f1376887184045fcf45c69e92af734b7aaddc05fb777b6fbd03"
dependencies = [
 "serde",
]

[[package]]
name = "syn"
version = "2.0.117"
source = "registry+https://github.com/rust-lang/crates.io-index"
checksum = "e665b8803e7b1d2a727f4023456bbbbe74da67099c585258af0ad9c5013b9b99"
dependencies = [
 "proc-macro2",
 "quote",
 "unicode-ident",
]

[[package]]
name = "target-lexicon"
version = "0.13.5"
source = "registry+https://github.com/rust-lang/crates.io-index"
checksum = "adb6935a6f5c20170eeceb1a3835a49e12e19d792f6dd344ccc76a985ca5a6ca"

[[package]]
name = "thiserror"
version = "2.0.18"
source = "registry+https://github.com/rust-lang/crates.io-index"
checksum = "4288b5bcbc7920c07a1149a35cf9590a2aa808e0bc1eafaade0b80947865fbc4"
dependencies = [
 "thiserror-impl",
]

[[package]]
name = "thiserror-impl"
version = "2.0.18"
source = "registry+https://github.com/rust-lang/crates.io-index"
checksum = "ebc4ee7f67670e9b64d05fa4253e753e016c6c95ff35b89b7941d6b856dec1d5"
dependencies = [
 "proc-macro2",
 "quote",
 "syn",
]

[[package]]
name = "unicode-ident"
version = "1.0.24"
source = "registry+https://github.com/rust-lang/crates.io-index"
checksum = "e6e4313cd5fcd3dad5cafa179702e2b244f760991f45397d14d4ebf38247da75"

[[package]]
name = "wasmparser"
version = "0.243.0"
source = "registry+https://github.com/rust-lang/crates.io-index"
checksum = "f6d8db401b0528ec316dfbe579e6ab4152d61739cfe076706d2009127970159d"
dependencies = [
 "bitflags",
 "hashbrown 0.15.5",
 "indexmap",
 "serde",
]

[[package]]
name = "wasmtime"
version = "40.0.4"
source = "registry+https://github.com/rust-lang/crates.io-index"
checksum = "0702b64d4c3fe43ae4ce229e06af06a27783e48c519e68586d180717cdd24314"
dependencies = [
 "anyhow",
 "async-trait",
 "bitflags",
 "bumpalo",
 "cc",
 "cfg-if",
 "hashbrown 0.15.5",
 "indexmap",
 "libc",
 "log",
 "mach2",
 "memfd",
 "object",
 "postcard",
 "pulley-interpreter",
 "serde",
 "serde_derive",
 "smallvec",
 "target-lexicon",
 "wasmparser",
 "wasmtime-environ",
 "wasmtime-internal-math",
 "wasmtime-internal-slab",
 "wasmtime-internal-unwinder",
 "wasmtime-internal-versioned-export-macros",
 "windows-sys",
]

[[package]]
name = "wasmtime-environ"
version = "40.0.4"
source = "registry+https://github.com/rust-lang/crates.io-index"
checksum = "3ffeb777a21965a85e4b1ce7b308c63ba130df91912096b49b95523bf3bdd2c7"
dependencies = [
 "anyhow",
 "cranelift-bitset",
 "cranelift-entity",
 "gimli",
 "indexmap",
 "log",
 "object",
 "postcard",
 "serde",
 "serde_derive",
 "smallvec",
 "target-lexicon",
 "wasmparser",
]

[[package]]
name = "wasmtime-internal-math"
version = "40.0.4"
source = "registry+https://github.com/rust-lang/crates.io-index"
checksum = "07612904518d47b677e8db67ca47c16d8c8cefb0099020729f886776950cb58b"
dependencies = [
 "libm",
]

[[package]]
name = "wasmtime-internal-slab"
version = "40.0.4"
source = "registry+https://github.com/rust-lang/crates.io-index"
checksum = "bc83ff16531e1e1537e0de2b630af56a0a9e1fab864130c5b7e213da71783a0f"

[[package]]
name = "wasmtime-internal-unwinder"
version = "40.0.4"
source = "registry+https://github.com/rust-lang/crates.io-index"
checksum = "47371d697244785e4bbb371229f9a2daa8628d1e03368ec895cf658370e1bf38"
dependencies = [
 "anyhow",
 "cfg-if",
 "log",
 "object",
]

[[package]]
name = "wasmtime-internal-versioned-export-macros"
version = "40.0.4"
source = "registry+https://github.com/rust-lang/crates.io-index"
checksum = "ad3cd4aff8f2e7ec658c7a0424b74ad88a6940505303fb0616323592a1c400a6"
dependencies = [
 "proc-macro2",
 "quote",
 "syn",
]

[[package]]
name = "wasmtime_config"
version = "0.1.0"
dependencies = [
 "wasmtime",
]

[[package]]
name = "wasmtime_host"
version = "0.1.0"
dependencies = [
 "cap_std",
 "rt_wasmtime_platform",
 "wasmtime",
 "wasmtime_config",
]

[[package]]
name = "windows-link"
version = "0.2.1"
source = "registry+https://github.com/rust-lang/crates.io-index"
checksum = "f0805222e57f7521d6a62e36fa9163bc891acd422f971defe97d64e70d0a4fe5"

[[package]]
name = "windows-sys"
version = "0.61.2"
source = "registry+https://github.com/rust-lang/crates.io-index"
checksum = "ae137229bcbd6cdf0f7b80a31df61766145077ddf49416a728b02cb3921ff3fc"
dependencies = [
 "windows-link",
]
