# Alpine v3.22 x86_64 Xfce runtime lock
# Generated for PachaOS; update intentionally, never during a normal build.
# section package version sha256
main acl-libs 2.3.2-r1 83c35935dcc0d592f65bc4626cec243b2c5f1a0a3d3e1361f10c4bb221a941f1
community adwaita-fonts 48.2-r0 b2ed30bce5aadb610f25b8c0276fde03732eb6f48cf66cd9080dbfea33bcadc7
community adwaita-fonts-mono 48.2-r0 1af6c822a5da129910c0ad1776e9e63e55d14fc27c1f57e8d24b4f904c1dd8be
community adwaita-fonts-sans 48.2-r0 d4eee8d09282971b27dc5d3142357f5ba6dd511f7b7cd6d36d534c884282798b
community adwaita-icon-theme 48.1-r0 1ee788b3a65af0f94c2ba6c704622f70f0caf5a6a7edc726ce271856d2cd412c
main alpine-keys 2.5-r0 1069fa68769607690e46b0d689f1ad9b5e346be2752ece313685b4f29ec70e25
main alsa-lib 1.2.14-r0 adab6ff082d6e2536a27b27b545651a2d24851ba0a4125d812eab392699ac07a
main aom-libs 3.12.1-r0 2b12c03d6c6ab6d073f0d411f68d38cfc1687c8fdc83b1cefb694310b9ad2296
main apk-tools 2.14.10-r0 6d915a6ec2682fda0e850569919ddcb094d8def4ac52a94f2e7371cde06db218
main at-spi2-core-libs 2.56.5-r0 f034b94f65c15f1b6a6f8633dbaabbed00c2263fc9605e7a88380e3e4faf9c94
main avahi-libs 0.8-r21 88982a7710f506bf4ee52ac4f7f681c129ce098df225e54887a95aa2ae199f16
main bash 5.2.37-r0 8218982214f1b51f520d282b0c81d654846e974ce009e758acc6187bd64fe228
main brotli-libs 1.1.0-r2 a693524543421b3a90f163ccb48d5ad0f5fd773b5c3b640acc461eace2cb01b6
main bubblewrap 0.11.0-r1 8fd45a340640da2a374e2238063a9b14c157c20ed033282cb71037e72972ea71
main busybox 1.37.0-r20 7cc34c2dda2520b456ab4a55abc37fe245ac90f98ab9f1c7a9be3aec035df48e
main busybox-binsh 1.37.0-r20 ad33d8d799ed80eab45bb68d63c14062165d3653f4fb52e73959cd31d032210e
main c-ares 1.34.8-r0 1397ec9682ff6153e5d037965c76408e570ae6535ce479cc2af37436fdea52ce
main ca-certificates 20260611-r0 a8ad8f04dfba1a2897388c4b420b698bf1ecd870be10f0127134a567d5e59896
main ca-certificates-bundle 20260611-r0 a18fd1bd8bea03966ee5719aa61e44d9a810db2c8b6641b45f92b30e860f0927
main cairo 1.18.4-r0 78f365d0cbddbb0e2f5a9b3c57d97a7a3a6ea75edbae83e5f6c45ec7b248328e
main cairo-gobject 1.18.4-r0 bb994751b65387f502c406f33aad2f201512898784bf9bd2e5d3a231e1fe26fc
main cdparanoia-libs 10.2-r14 862259b6ad959213e537e19ece1f367c56cd834e44e6ccf1226d0942a8ddf57e
main cjson 1.7.19-r0 8a81ddb9c463a1dd196f40cb271c40d02083b1b1e8a81338b709aeae2a42aff9
main cups-libs 2.4.18-r0 51e8b16470bd334c9bdefa571e16bef22d52a68a681f6aa7c3f383f5f100d794
main dbus 1.16.2-r1 46151607de7017bb8d5187a68ef7eeafb927c839f9b1e1f143201f66ff4c74c1
main dbus-glib 0.114-r0 0addcca4b99c93e8e3b78d1e4c6e9a8db7b39af8677da1b8025fd49782f305c9
main dbus-libs 1.16.2-r1 b0e8869a9bd504d971c9f9fbee2536305d3dbd4e34b0c11f0d77c0db3a76bca9
main dbus-x11 1.16.2-r1 fc1d5d531de7448abea6f67fc93491633ef67679f8b6fac134557ec588120017
community desktop-file-utils 0.28-r0 f90bd251aef2c8aa80921bd2754918bb01b5f45f9e14ae544eaaba180d9fe3b8
community directfb 1.7.7-r8 5c724bbd00ac04ed5eaed4b29501aecdace1956aea0d32b0a3d259fba49a1efb
community duktape-libs 2.7.0-r2 552da63e02f95d000339994d6220fc734507e872e06a98e3c2676cd57486f296
community enchant2-libs 2.8.10-r0 d9f595eda8d695b8c3984faa4a55f0435cf46419b195dc8cb0543ad3e4850087
main encodings 1.0.7-r1 1a408c852aad9058d0f51be7fca11dafe09f2579a5ecf1c92a8ab42ac80021ee
community exo 4.20.0-r0 f38e263e5711e3ad5dda6408a2d2b5a78fe411dd4417e7c264e4773fe09a76f7
community exo-libs 4.20.0-r0 6c32765793d108bb50aca6020fed21e28f1cb9f021da9d01b060ef4852bd92e6
community faac 1.31.1-r0 a0d1a7b298e7368809c49e98507d8a624211dfdd38c13851107bfdbb588b6099
community fdk-aac 2.0.2-r4 07e591314ba5e2c3518c2ed2a5000cb363b5faad196aea6ee5dac65bc0937b9e
community ffmpeg-libavcodec 6.1.2-r2 39c2956d35f8a6b40ddc32274a711a15a4f21deae8139585d16623e729eb159a
community ffmpeg-libavfilter 6.1.2-r2 1348e0a21471f13c5eca73d68837abbc7a6ece60e3d3995098f11014ce1389c9
community ffmpeg-libavformat 6.1.2-r2 4ed9f2fec9a90a5a187e5798f4f6ecbec15e2a3b3e1d37050703d0c9e17c62f7
community ffmpeg-libavutil 6.1.2-r2 68ea6b522f56be9254077d9280e1c071d44eefd10eb3260e62e72a9c472a96f1
community ffmpeg-libpostproc 6.1.2-r2 8164d1e792444704e2674ff82b93523021db8324488e6324066243e8bc81240f
community ffmpeg-libswresample 6.1.2-r2 f924afe9f7bfd48e60c74a8b03396de4cd633bfd4ec8a6d41cb1805004afdf16
community ffmpeg-libswscale 6.1.2-r2 6bba4734a919d7d7054c6e93e84458a69ba853eee2c30e678248b8f0e36c167c
community ffmpegthumbnailer 2.2.3-r0 970c5db427dd6faf811afd962eca1555f0baa9c9cf28bf8c31b07b0dd05cc119
main flite 2.2-r5 03e9ee8f4169684fb69620ee5b52f1d57af9b9a677fd93951964f141d9d0db53
main font-alias 1.0.5-r0 a6c607e8ba3b8ab174dbb1956bb0b51909f754b990d427d0a05a1bf90afa4397
main font-cursor-misc 1.0.4-r1 8f86a55b97cf6f381b4f7ddfadfeb96077f8d6d9a4da6b24a1ab1297bc2a4f9c
main font-dejavu 2.37-r6 e28077cd39ee9b24c270b88e07604b68cfdf85910a2d1b439c2123f9a63ff48c
community font-ipaex 00401-r0 0996bf97b6c4bba6bc3180b6b023e273ea24b92d28f26c0f00ef88a53c68c0bf
main font-misc-misc 1.1.3-r1 b8eb5ad4f606a26780a20867c22336bb9f9f04bf097f3f000230f06a712f8a8e
community font-roboto-mono 3.000-r0 09137d7e3d9ba65d9c069ebe5398cc1abf1426ea631c83719d04ab0f4a7b43bf
main fontconfig 2.15.0-r3 4965295a16e09af6e3a8d6898da50883fc604fabddde8157e6c3e5f8e789f3fb
main freetype 2.13.3-r0 82cf77ed8ad409f41e2234e66dfcf6fb520906dec4a46ab2ad952b1a4001fa03
main fribidi 1.0.16-r1 13558f6f63c9f7e056af0d60275799de40f7b57a3f3df6644b04f9ad6b1fb520
community garcon 4.20.0-r0 b892acb372dbfa5e964b6fcb10da4298c5c1d0439bf27db2c265510507a2cc96
community gcr 3.41.2-r1 8985a988c4f371a5ba2b4f7389fa0c139ff17cb05add390a5064a08c849a0900
community gcr-base 3.41.2-r1 0c195ec639ec8f904b28b1aa91408cfad48a5412452bae84a20a89c82ca3a9f8
main gdk-pixbuf 2.42.12-r1 449511656a10112cc397510d1f1c9eaaed19b16fbb6aa19d48f40b546bd3a35d
main giflib 5.2.2-r2 b0e79105bcf65ddba7feb24225191db8d7c75e989a55ecb2cd68631cb785833f
main glib 2.84.4-r0 f9ec9e7d1f348fe2a87a124261f560909d1a4ac3020964c4ec372ff50f8ffad5
community glib-networking 2.80.1-r1 9e9ab8b48403694508fbfd9d8d5db842a72f9c84ffd255e142d0f3b07bb79e86
main glslang-libs 1.4.309.0-r0 2a93283397af8add1fc1dadcbe0405c33d67ba93899322e58d1138d144418820
main gmp 6.3.0-r3 d3f987ae3836ac7774324bff443dd49d03b846209660729d0c30dfff5546e138
community gnome-keyring 48.0-r0 99d36fde01b2b2b4ecd10f4b30ba3e8c4f72e85d00a3295b528995f8a440ed0e
main gnutls 3.8.13-r0 4ad70299f710dc54b147ba0f9fdcd8c04d93240c3910d38d1f3c88cc27808d05
main gobject-introspection 1.84.0-r0 8ca54d01564b91461ceee52a66b15cd7ae36ced63aa51d42fa64f2a51ef7c10a
main graphene 1.10.8-r5 406022785a44757658f2f6d55deb41f773b126b8cacb0ff24f4fb82765dadc99
main graphite2 1.3.14-r6 db5d9cdd91a430b475f11cf316ef479232f5b64e137ff85a8d69aa27ecde5267
community gsettings-desktop-schemas 48.0-r0 cb012123243b3a51fae1148c3f3c2027d0f4733b9598b154f81ce56179306736
main gsm 1.0.22-r3 73d50d5667994e49d53090b6f47ed299af85b98d9991a84b2725f5b187abde5b
community gst-plugins-bad 1.26.3-r0 3aa7746dc689a00b32ac8d574eb86a4b22ad563e46b2bc221615c6ebd57763ae
main gst-plugins-base 1.26.3-r0 1d62d2d45161efe5bde6bae6333f5e653b34101a0a9a5eb1036306a09036c5bf
main gstreamer 1.26.3-r0 6653f6aac0ceb5d853bce2d01ecfea59010434ace27f780b6eedd18117f5cee8
main gtk+3.0 3.24.50-r0 075392889e0c3f6d7eb961456adcca7f4e02791ec8ea39e75d78f2f988f38211
main gtk+3.0-demo 3.24.50-r0 6ecc7f1d950069e472112fac076afd0f0044ca95b1b0b47fa213bcc244ce8764
community gtk-layer-shell 0.9.2-r0 3ef9a3da45f0782617af21a1a02cd82f756cb8c351d9a39e2e1f71b42467c5dc
main gtk-update-icon-cache 3.24.50-r0 ce7a85338b1b1129fed853d52a69d51786a95ddb494abe90d0e65131334b2c1a
main harfbuzz 11.2.1-r0 6540e2ce562f3b1a3a4e1b8780b8fd1de892d34a57e95d971963e66d5db2e9d5
main harfbuzz-icu 11.2.1-r0 d374d70b74f03d0a1ff53643cf2d0c5641ae7660e1979c67c6cf703e3fe0b8c4
main hicolor-icon-theme 0.18-r0 a7cc6bbfb048cb7805c747b5881fa58ada740c8006abb45888b6b9ab73148401
community hidapi 0.14.0-r0 80f88a69473c4bbbdd3df045f5893aa72a0a1e3c7f7bcd566a0c884fd12ea0a1
main hwdata-pci 0.395-r0 601438d3bf344a8ba1b44f9b9ee71db83e8bed182692a04b1d5a4e1aa0a16df7
community hyphen 2.8.8-r3 f1cd6fe0c54190f16589d20ead94f5a8dfbab9de23d027c52313d949ba59dd47
community iceauth 1.0.10-r0 7f16c053270730083ae35615fa3e9af6fff8866b95c3d2684c9b8aed4750bbed
main icu-data-en 76.1-r1 bdb3507fd8eb21d0934ae2cc986f416d76d085dc27ca6b86b75643214eb5d0cb
main icu-libs 76.1-r1 0d6d3b9173f388f7450b168f8a98647f21356d1d4e5ae414e160db2843c6a2c8
community imath 3.1.12-r0 be73428b4bc142942492a25f205ce9ed7dc992b1f8acf8578575f95170ab5fcb
main iso-codes 4.17.0-r0 3a775a41f30bb54cee10c65e39a70b5eea49657060ac4086a147600b3871e00d
main json-c 0.18-r1 91d3efdc4577d724e185ad1d655f32437c788533891788885d4267c7bdb84d97
community json-glib 1.10.8-r0 33bfda1f7b70fc20db10e8f6ac8a0c80bfd3cd8e624618cf3175cfe968c68f32
main lame-libs 3.100-r5 fb30bdb376534dc7b64f094a65200fa132e19759eb49e3a8cd0ecd99c0bbdedd
main lcms2 2.19-r0 7f73e98a2d6983358a075843e12b8fe71277a51154d59047449f6a3626c64c1e
community libSvtAv1Enc 2.3.0-r0 7083d492af650d7c04b8bdd7970b71e649e2d0fe48d4d13c4fd7e1fbc4e71086
main libapk2 2.14.10-r0 b7b8ccfeaf2396cf022e685b11365be682b3b97c074d4e2a9d73c67f5beec07d
main libarchive 3.8.3-r0 229e3881cbbe148413fd1d04bce78749ec6fe4f36a4c413a8062b7c854c694ce
community libass 0.17.3-r0 0d39b7d10bcb654cca89c25d839813907b7bfcb741b35d9de259da0f23cc6f71
main libatk-1.0 2.56.5-r0 8e218ca73602995775cba0b803438eada829174e2b60b008e787601facdee29b
main libatk-bridge-2.0 2.56.5-r0 c090710b68b60848c290acbd218c2982557133d8cb2b2c1da3077f890e264914
main libatomic 14.2.0-r6 e9a884f8a63f614b722dd5191ede154a6b6b81d99457af610bc6f544a6d2d7bc
main libavif 1.3.0-r0 83bf6f7b7d1585aad20d1f0f7a9073ccac21ddb4c0ee33f8293bd36d68ff841f
main libblkid 2.41-r9 e82d3a09cd31de5d051b726c7f9081b8e0bd4d5159e368f3834a273b040c0adc
community libbluray 1.3.4-r1 b57901a1cd56125d76c4db54711c39d0b42b81293d2a4eb66000c0cd11d6f876
main libbsd 0.12.2-r0 22f0a114fb8cbe8d828f48b9fe44f0119d7131fcfa5370c9841b017f2f678137
main libbz2 1.0.8-r6 0c98810f9332bf1bb1b0acc64eaac4b101036689bffba9ea621416b4b3c190cd
main libcap-ng 0.8.5-r0 a02e227d96cf83627a8dd1561e12d89962fcb659bbba437d6b6a0b96dba6dfa4
main libcap2 2.78-r0 9850759bbb16f1ff6d1a49dc99947ef1401e1c10e5ca24f8380e69ba19f077c9
main libcrypto3 3.5.8-r0 1d111bc0ad6380fdda22e6513941dc2e7988d6b1621d535bed6b3fa5ef086fae
main libcurl 8.14.1-r3 249e5a3a50558cdb3ce1bab1619b15d88243a628d878700c8d05878c2e71ed71
main libdav1d 1.5.1-r0 bf795ccf3965debd2c5e6d2acc6f6c9eac3e56e63610d724c290a0355a31d5cf
community libdbusmenu-glib 16.04.0-r6 f1f64a2d468c02198fe6cc0a49aca6c2115c1077c5b83f294c51381568281d1b
community libdbusmenu-gtk3 16.04.0-r6 5545ba58cbbf9083e6676382a01f521a09270a6b6562973c930015b0b3b454de
community libdc1394 2.2.7-r0 39c5b35199d02a4a09641262de204bbc24b5a89484040d05ac5046339807b33a
main libde265 1.0.15-r1 ec1fe2b58590e0022d466445424082a049226657962d06665abf696fb95b76da
community libdeflate 1.23-r0 cdd0076ac7f47bbf632290a8701a8d1951ca9910e8b973978e1b60c9a08e5c31
community libdisplay-info 0.2.0-r0 6379c1431b44ed0d6c069727f674e60b724654a75f569994f279b9a10a69b900
community libdovi 3.3.1-r1 5a2e6c13b08b2bc58460b10f9ca3707ebc3a6541f1d13e04278541cd3ffe77af
main libdrm 2.4.124-r0 ca2beab3bf4cc373f2e1e3e24d9897326b6859cdc7dfa747c9278076c1be38da
main libeconf 0.6.3-r0 fe4fbf324f84f7c8b475cfc708c5505aa630bced7b5f6289bf5ca36d9b587829
main libelf 0.193-r0 b8df03bd86f172aa1741790592056e6d6588247ddf6473920fa32cd7cc681f6a
community libelogind 252.24-r1 875b370b7b1cfa317d5e9f3d9b409eb041ab8aaf9970f69ca0ff93438bcefc2f
main libepoxy 1.5.10-r1 8fca3a5186fce76a4e037a4ec97f03fc7d93cd8f342d045e50d2d5730f97e3e2
community libevdev 1.13.3-r0 4cec88edf78fe37a0ee082b3d72ef5a5c8cbf4e0ff43d99a6d7e1d36f662a73e
community libexif 0.6.25-r0 8a79389d7ebb116f72ae19db61bcbb375286a1fda7423eccefcea739a9ab2596
main libexpat 2.8.3-r0 128338718fadfaaf9f926fe349347edce7645c8ffd1ae2878ca3d807b23fa5c3
main libffi 3.4.8-r0 9a75cb9024693c1e52c3d8d7c9afb7c79e6e20f6c08df28effdb8dd816095083
main libflac 1.4.3-r1 c7a8e0e9bfa534f143cfde1bd4392136fc07a4348dc2e7fc875c076093039d01
main libfontenc 1.1.8-r0 7a8d342a0820f122b51055109319586055734f362bd4ef73de2a2a43d20a0535
community libfreeaptx 0.2.2-r0 17e7615c0fae81460bc4183a4bf4c60c2fefef5b3a3ed2a323eec93dac1ebf82
main libgcc 14.2.0-r6 04f3467bc967e705221a843fe4d3de5850db826e571686e0c0ed453d38cb5c59
main libgcrypt 1.10.3-r1 6e8f1dd26a1efefd2776c96133a22cf68deccd460ff07970bcf91ab46c4e66d0
community libgepub 0.7.1-r1 6f46a8e16eeebabcb7674918aa75a44c2a13f513b5336fd19b35c9f100eadba0
main libgomp 14.2.0-r6 026e5c9d0bab7e82c42fa11b96ed95e66d2549bd5de5c869c18a3600c2e3aa02
main libgpg-error 1.55-r0 029a4daf8e5499c21e2182e4008cb443af86cd30d9ae584c0f5ed9d61abc9bc5
community libgsf 1.14.53-r1 a59ff9de2dbc9fc0af8a24cad24518ee64c50d0b6fe9961b4ac35a1431d34b9a
community libgtop 2.41.3-r1 f1d76086f8ccd4e721b8135747172748be56b3ec7b24d84c00d43f585341ca77
community libgudev 238-r0 e3dca9514694cb35bd394983210d575428b23f4e309d6c1dd8b5d63a9dd53190
community libhwy 1.0.7-r1 1bb8029867f3e0ec3729ba209e3e6413dafa4f29848c9fc1dc57e3cb2297346b
main libice 1.1.2-r0 879841530ebf62774229e10207aaff5bec9827af5395de9a0e3dbf95b70850a6
main libidn2 2.3.7-r0 515cfe061176c7456ea3548651d0014084d77dd3774b78e2c944404ae75a41ff
community libinput-libs 1.28.1-r0 d3ab768958462161be7fbc959e75c28c99f0cd5b64f5bbd950b82ee6f1c5efe6
main libintl 0.24.1-r0 1e9900a63a851e790b28d201d5c11872a5ff74322fd998c06ac952c6a2ed1ce4
main libjpeg-turbo 3.1.0-r0 3b7230030b8876e966a11238144a9a08e89f72cfec9b99789acdca5d1ee9c78a
community libjxl 0.10.3-r2 bef6f82a13d7986c4974ed31b89816deb0ec5ad1e4e1832a95cb3324e12d5e20
community libldac 2.0.2.3-r1 9510f8683e7c953968835f6cf2801f31ca942a4c857d4b895aa22e2b5e135e4d
community libmanette 0.2.12-r0 47b831c14c92a9a8c274ab009f7a3ec262c24f8867636c7865a5a0c60fef5572
main libmd 1.1.0-r0 47294e0d7bf7763ae4e22f49b1bd6ee8fc3cd0af1b86e1cc8a5a352abd4e8d08
community libmodplug 0.8.9.0-r3 8129b4bc02715b175ec94f12732415683478187de76205db9c11c8a623b85182
main libmount 2.41-r9 e8012b56a1da9804f56dd2f1ff47b7745db5cc538d148259332cfcc1c881a16e
main libncursesw 6.5_p20250503-r0 aeafdfca68147b014705b4e2564639ade6345198debb522f2c6c51d32e417651
community libnice 0.1.22-r0 c2da70a64b26491d223a9a38ef72028f320b6c43313721bfac65f41ea698b82b
community libnotify 0.8.6-r0 47be63dcd8fa1ab5d8bc554c3ae483fcca2f298d44b5f66dbf37283442587751
main libogg 1.3.5-r5 5f4e6043da43555e4118458a3ae0c74bd3996404ca0b1a752242c9619012ae0b
community libopenmpt 0.7.15-r0 fd757b416596ed034a1a421ab2531bfce80b29822c490ee611778259d4219117
community libopenraw 0.3.7-r1 6f8951d55812aa097baee4c913b0ac0d9bc09dd1fa697bd3de20e22b8383018c
main libpciaccess 0.18.1-r0 cc1f2697e70ee0eedc57f7de863a21b605445ef82412975d84c6a404a2f5b59c
community libplacebo 6.338.2-r3 95e9c84fd4efd1e2c34c225d4076202e0243d0367ee3227dd1ec9b44a5185aa5
main libpng 1.6.57-r0 4bbabf350ddc0181658476b036c9a5927732c39c93268368a46685eb08e93291
main libproc2 4.0.4-r3 24dbb04c88398f28e67a3858e8bd443ab27cab130a61596521480e86801dddce
community libproxy 0.5.10-r0 1db81f3bdb302e1c44e32da09865eac746a91da43cda608f0ab036c2fadb4c76
main libpsl 0.21.5-r3 1e79da4fa1364b7153b8950a363a6de0bef1d1b48d46fcb3b850cd4f233727b2
community libraw1394 2.1.2-r5 8273e98bd5f2c7b1cc25a7b720ce56a6fa51fb9b7d1bb6058794dd4529533635
community librist 0.2.10-r1 80806c8ce18b7c09b54554549640327f930216c56a5fe04c055cb521af7768e5
community librsvg 2.60.0-r0 5e5570aa96f8dbb7246ad894a1fa899bfa37e63fa5a2950c9c82a98179b3d9d8
main librtmp 2.4_git20190330-r5 3ef13efd6ca8d7878645fa941bd6e9d43f2972326fe4e0d53a8e0b930f8b2f18
main libseccomp 2.6.0-r0 980b70b6a1276d116594232b55aa23ebcb420f57fb91166e5ccd2c17ea8348f6
main libsecret 0.21.7-r0 8cf84593d4a89162469f17436c6d8e9c2cef886f1d68f3b07a026f5b5a99ab20
main libsharpyuv 1.5.0-r0 1e37cbd7c033c612aaa8130249393ef38085e7c4e03e7e30286cf37b195668c7
main libsm 1.2.5-r0 50da150719c6f641ab47ed2bc0cf907574cd80acd076ca22934a5f66ce8feeb1
main libsndfile 1.2.2-r2 622bbe88163cbead4530d61faf2b1ddd02432362231aee9056ae8952b2c0de8d
main libsodium 1.0.20-r1 646aaf0bb489e26dbe4e67b031495557071a56182d8e77074e8b07deec3beccc
community libsoup3 3.6.5-r0 66beb74779dd15ad24415bf8f3a1aa20b3249608c6bccbf44aa4010ba18c5761
community libsrt 1.5.3-r1 7eb6781748106ecdc8715833f7ae1baf360a548928296cd96b17bc5c618989ae
main libsrtp 2.6.0-r0 eb7122ffafa7b3b550511a6b597b773b9516d9023f429b4287b3a235d3fa92a3
community libssh 0.11.2-r0 6ea98cd38e85d4c7dd3b817fce8008547e76efdbc470a4dda15e7fb529e1ab78
main libssl3 3.5.8-r0 e8d3ea5e9750cb1f4c4b459d172630925fe6bc13c113c590ac36c78013821e62
main libstdc++ 14.2.0-r6 939f7c99898f3e8154207a17f4acbe8bc40437e1bb1b43f5525620ca9e452a2e
main libtasn1 4.21.0-r0 ce3d6b63c8fd8c4248028740095c83a6291c334f5f260003c3adc12fb810404e
main libtheora 1.1.1-r18 c27841da945201df065ceeba15df48549afb29af39cd3c4bca89f53753caf8c6
community libudev-zero 1.0.3-r5 a2f1c9b023792b865d9b700f445fce2f0baa29e33b3ec195d93926fbb50ab596
community libunibreak 6.1-r0 32d4d88af2be45661f73198f586f3b29a624d0b5b2f60cc2ba0b381d681b3fe2
main libunistring 1.3-r0 989640e58f7646c0495c3950df36eb7b4df152d8150c2c888f8ab954fed8c908
main libusb 1.0.28-r0 be4856c1f050b093a21da276271a49c4153726c90de1e67ae85ea978e2577288
main libuuid 2.41-r9 063219dac6aedcf18d4531e17bb0f8a5a511bf64d4f71a5cf7cbb0b5ff04d81b
main libva 2.22.0-r1 0dfbab1ba32c351c314153ebd1ec80d995ec6d86dace639816e5ca595f38a605
main libvdpau 1.5-r4 4863f245aa7e87d1666b024480fd8127593a56e870bb49c959aa379e44bb8cec
main libvorbis 1.3.7-r2 af74d5d413512c4ae37b1f95ee6aee963279929b61b4074715c41891b790f94e
community libvpx 1.15.0-r0 c6cb15a02e5a7244720dabd1d749fe5ec8f3de2854e7d2d5df90abf2413058dc
main libwebp 1.5.0-r0 207f2af4875ae1ab4c529d8c735e1242fff36a8f7a07424468cdc96648fd07b6
main libwebpdemux 1.5.0-r0 f1274345e3aa5248c12676b08da505a5720e6166ac55d1764c9425d983a631dd
main libwebpmux 1.5.0-r0 b7540d4709ec0b112ed9c23043c61e0381baf486733925a3474ae5f2dc9605dc
community libwnck3 43.2-r0 2712dad5861e0e607c0d97f30e2e83ad43732514a1cd2c8282476fd773c0d021
community libwoff2common 1.0.2-r4 c9de531948485f536e9f93a80219140c4d05082fce2d0228fdf285b888f81a3a
community libwoff2enc 1.0.2-r4 88a52226f8fdfd8d0c4188abda5ba69f8c524d8b83309724ce359e7a63793a50
main libx11 1.8.11-r0 97663f719b7e182d628eb08af97d885b83c7b2cdda073f2afe1eb999641f8398
main libxau 1.0.12-r0 cc1cb2d10587aa1ab850ac881f3223574555bf7acf7bce5e3c46d2c95534e95c
main libxcb 1.17.0-r0 b46b8cbf0098fc320ebb6d29ed3df47516b5b45c06a5aeee363078c5b7781447
main libxcomposite 0.4.6-r5 ce7f5d7223fe45084045ffe6074a96aa2abb8065cadc92ae531c7f24d5e91718
main libxcursor 1.2.3-r0 4ddd38c0a03c051d2ab5ddb9e7ea5e5a7233aa0998d85de58c0becf5da366918
community libxcvt 0.1.3-r0 16fb87c3f810f8b4b8031218f5032c683d997d143c907d73cc3231cacc72159f
main libxdamage 1.1.6-r5 fd362965b3b37e70233da356aaca792e2ea5ede7dd2a0d1e2e9c366aa2b70320
main libxdmcp 1.1.5-r1 2d26da8177d27a870067eba372ef0c01b0229e10a084b5d58449f094068255e7
main libxext 1.3.6-r2 a810d2fe785927bdee31c2b2610920925ebb9a6480f0f5e397b959695296a819
community libxfce4panel 4.20.4-r0 11a4c1466998c739df2b2a73786feb6384402c9c1fe4e8732e5a7844c29e22e8
community libxfce4ui 4.20.1-r0 7fbfa2f45bc9016e322f9b04a3e5f3db5a1e7b8c1ddfc02e214c806208543120
community libxfce4util 4.20.0-r0 eefcfec38213c4fffb3550a92c46f64033a5d3fab08c2c36912e9050c22a943e
community libxfce4windowing 4.20.3-r0 6068e1bc2c00ffee212b343dfb9d9cd8c49b26888c6aec758c6be3bacc3073f7
main libxfixes 6.0.1-r4 f890b8e6b55956484fe6f170037e79f0fd71447a4b38ad115ca4d437c114e04d
community libxfont2 2.0.7-r0 1cb9580200ac775f07b3dc31567cc448a3cce4ebfb136896234d0aa55e86a8f7
main libxft 2.3.8-r3 e3c5353845bcaf1890f2d9153a0d58565e71216ad7aa4c17a76ca7b3375275cf
main libxi 1.8.2-r0 283af7eccec2b5340794461acfe82709ac7d7009aa2c9a43e6f3d0643cc45f68
main libxinerama 1.1.5-r4 88583bca030e73a27ff36d607f891a54ae9fd86eeb5300172b5fe4119eab2289
main libxkbcommon 1.8.1-r2 8b7424f706e47e9e1123acb625323816191499334fcfc2ecae2d1a03805866b7
main libxkbcommon-x11 1.8.1-r2 cd55cae866d4e2047b88f7e961a13d308251f0e0b320bca61d2a23aab1c860e2
main libxkbfile 1.1.3-r0 910e378a2d57e4b7bbe8cb9837e344871726d2df401f96d84d301d415c35fdf7
community libxklavier 5.4-r8 01fba495b186455b485d6c5f42a2a763f382826fd212348c5cd7797de96972d4
main libxml2 2.13.9-r1 be361698c6f728f492b99550e99e898ae478940fe593d8c11b14c5f3d1b5a938
main libxmu 1.2.1-r0 40573b2ad3deaabcfa1957958406d3ba445277932545a0da7c35797a1f38458f
community libxpresent 1.0.1-r3 c00be4eae7087567b686ca879199f562cb6cf1f01d61de4a893daa29453b5bfb
main libxrandr 1.5.4-r1 523a9bec4367b0838a718eaf611b431fbab993bb6247bf76ff32f87e11482220
main libxrender 0.9.12-r0 f3f8b79c792c27301ec0059ae13e9043c6d829e81bc1466c68c10c39a6a61490
community libxres 1.2.2-r3 56450e92f107aaafa9488152092588455cbbb2e726da28343c5afea878dc2778
community libxscrnsaver 1.2.4-r3 fbed7e1c2ee907f21d8a77d3dd1a7e267c5a0431730fc9c270162a5c8a27d7d4
main libxshmfence 1.3.3-r0 e918449bbfbc52585f29341d1dafeb217507e48ee02a0ec9080da954d5b8cd0e
main libxslt 1.1.43-r3 7c76e094b30a7da6f3325b66562c8e6d3816dde2d5a8958b8b87910f771ce850
main libxt 1.3.1-r0 3d5ed8776f91e3cd964e71796452f209e73407caeecd74c43b232ffb76349de2
main libxv 1.0.13-r0 4e1b44e431feb3b3daf7effb454b8137155f2bf13edba3c5a6fc435f24d0b93f
main libxxf86vm 1.1.7-r0 1c2667811094b57a2e2e81d068f207071695559163d2e955027c72a26db53385
main libyuv 0.0.1887.20251502-r1 0f07bbe36929ed052c9e396bf5819b3e734d9114c7b3a1b85ae250aa9b971bfa
community libzbar 0.23.93-r1 6ebd1cd8e5683e21551c7694be02c3aa336f6b009fed8fd61e0a0194d7b7e211
main libzmq 4.3.5-r2 0c7ca0f23ca2fad1a6a57f9ec7450e197aae2caa8fb8fb87eb2ebad8310932d6
community lilv-libs 0.24.26-r0 224852210e4fa1c8e85dcd16f29f6eb19f8fe5f88291af45b4055a121f1af3cd
main linux-pam 1.7.0-r4 0152e9cd1d13986b75e4ccec8155a878791083ddca7e2667bbbb398bc62c9703
main llvm20-libs 20.1.8-r0 d0926e20a9e2e65f03f673c1d9d2e69f807e5858920146a0eaedaa68b30fe443
main lz4-libs 1.10.0-r0 b4f393b9d8ce5a431788b31c899734f84d60a47487a6b833ee8d8012c501fe3f
main mbedtls 3.6.7-r0 12708f32b247d86d42b6f552f2acb4e6d1569d036e3e8f6d66c89a073c8d859f
main mcookie 2.41-r9 de1c2ec32909cdc9cca9e95209102710dcf963f5e386c4e625091136048b2bbd
main mesa 25.1.9-r0 aa23ac67f7ba4d0d0330246e9313992c057fe33905072b32f4eb6bf9326cb7a3
main mesa-egl 25.1.9-r0 76ba18b4f3ca231c59f8afd3978caaeb0c6587b7741575bdf868271b1ce81b7b
main mesa-gbm 25.1.9-r0 73b3d187298e6f11e76bb0d63420604a9647d8620ff8306257b02545b68ae85f
main mesa-gl 25.1.9-r0 b7167582a31a98926923d2d139cde5fd4732dd04842c67ac3124786990198b64
main mkfontscale 1.2.3-r1 04ed90a420ea1ce77fc2ea0c7f883c8b33128c4dbcac3a0aece0e69b018ff1f5
main mpg123-libs 1.32.10-r0 a00d43556124affdf011d1f522284e76057968c2de85bcce96c884103df87612
community mtdev 1.1.7-r0 09be22ac1222d86c28469fd96f5822a9c97e5f30f9e7c1f0b273ce60d7f1935c
main musl 1.2.5-r12 4990a5e0ba312e478f94cfe431a70efef1538004eb361c8ae424516848be45bb
main ncurses-terminfo-base 6.5_p20250503-r0 0815a5f0403974bb9c34d456e71dc9c0222cb5455d393bc63c44b573da3d7fe0
main neon 0.33.0-r0 4eac2c39c1f8ce7ad715a6d2b5c4a41fdcbe8e9010d38d7591d17d8528a87562
main nettle 3.10.2-r0 e9d950371a0c721e49f5159b3f1304a1677d050d5ab694760e213c5fbea6aaee
main nghttp2-libs 1.69.0-r0 d6ee515d30d703e94b55ef9c0a02aea053313f654acbd2c655d18e3907ecb66a
main nspr 4.36-r0 7b6cd901bf406eff012a6fcaf55732345e7db07d1a7e059b639af11781d6fa02
main nss 3.114-r0 c1615e523fbe35ea84636edb3b2a6d8216e9fa6b6cf2fdf1ec2e72b00f228360
main numactl 2.0.18-r0 1a6d27d89c567ab20d548d72bb338b9274fceefdce4f3f7dd0dfec94f9d47666
community onevpl-libs 2023.3.1-r2 38a2709d4e9c291a6845805aae927e2b3dd771c186452b38d1d3484d8e06ac37
community openal-soft-libs 1.24.2-r0 8f99d756f9b9d0ac09ba0e3359b949de2f87e5ee4ff40e5b3dc3ae7fce5bc32b
community openexr-libiex 3.3.11-r0 810e3b01f5e92b6ec7a8113d6b88d0185ee5302e167b67863bbf24077f2fbafa
community openexr-libilmthread 3.3.11-r0 f359d2571d03bb22cfbca99a209fece1fc1381b04d4c5905c0697e61c01165a0
community openexr-libopenexr 3.3.11-r0 4a70274a30f43117132e3fc4c8c4ebc513a3cc2af8e07842d77ea6df5b1b0757
community openexr-libopenexrcore 3.3.11-r0 a059523719739b4938692fe3214cc6ec27b2e5e01f682061f0f72795ba8e3f75
community openh264 2.6.0-r0 b53c92adda19ce8275bee525b476262a31751521a6f1f74be601580efad34a32
main openjpeg 2.5.3-r0 6316222df9fb39d94cc78c28be54a16ff16d56779f7a413bd36a7ada2af40719
main opus 1.5.2-r1 c4a4090c9c9c73c086877230ee697e8ba9e101430cf6cdaad7f175d154d57cf1
main orc 0.4.40-r1 e7cb22ec5eb5be11022ddca8745b0e3237c14e37678999a07707326344e836a5
main p11-kit 0.26.2-r0 3acc0d16e7e73ce32cdd12f58979809bbaf0ff88f6fff73883307233aab5ce70
main pango 1.56.3-r0 c7d0e67a543942e79d8eaa86a57017ca8cb6bcd883042c55cc27dee2965e8ded
main pcre2 10.46-r0 cfb8ad103a101fa6a31769e50e188dab9c60124705682d01b3de268795db58ad
main pixman 0.46.4-r0 f6f096fe91b7cb1fdf05a662173a1eaa4cd556e41b7d09fc0ebde29a8f876407
main pkgconf 2.4.3-r0 32ed811fa76f5f380cda11aa5bdf2f93727760dc4c6d6de5f06dd4c66e3fe3ba
community polkit 126-r0 5579d9dca3a970ac4041d37d2672b8fd3961127a0d789764d198b18923b9faec
community polkit-common 126-r0 8461a8277b62fc506f1434b52c551cd5dd364346ae7e2664834214788a01255d
community polkit-noelogind-libs 126-r0 c742b06a77ffdce791d440386f22a943245b7c90472e8c473c9413c27b64d95d
main poppler 25.04.0-r0 36e7a65102a56c82abc5c7a113b3531904f3373e1f3a1e08dfc2d7d1e3fd6de9
main poppler-glib 25.04.0-r0 55091eae55409b4329441b8bccd728c9db947dfcc5f4b6e0b5377354529caa2d
main procps-ng 4.0.4-r3 012feba89e6112b84d6afce6c6c1d6c99d8a838141aa6a3439d0bbfd5ba3fc46
community rav1e-libs 0.7.1-r2 c6f7df529bc6d77b9aa4c8dcca7cfb05b2cf9387592d476ce883c931377332a7
main readline 8.2.13-r1 520fa586c689144928191bee13e2c85ff4e170ad87d1471ec48e3e97611673d8
community sbc 2.0-r2 885b3617892179f88b906227b2c28060ae2034a9109d85335ab98e14c2c08d98
community serd-libs 0.32.4-r0 9c3c2f861634d416164a7258e0297bf0a3980a342a5ad95d6bff1ff4d6cb78e4
community setxkbmap 1.3.4-r0 3fdbebd48cc008b6de55d0824e1a70cf734141f16f0956647e41dcee9b09ee84
community shaderc 2024.4-r0 d03ccc04f55365d1de9b4d8a39340af8ab5ff8f86263b4c3766db41259014036
main shared-mime-info 2.4-r6 f399f0cf1923b5bb863c5cce0b5c43f9ba019bdb74085087aa10a906034b95b3
main skalibs-libs 2.14.4.0-r0 b00cb52d7c9c1309b2c2a11b654162ebabd728cf61898326aeffb39f2a27240a
community sord-libs 0.16.18-r0 ffcedbce4c76d09198e58c3d0591719d4eb7f4ff1ef210f982d01a3bb582b92e
community soundtouch 2.3.3-r0 e250b1b8a741aa0e53b02ad2119b13f3d0d7e48b1588ce6f2a7f9dccb268e2e0
community soxr 0.1.3-r7 ca85c2d94d9719e12fbf9ca8ee7e1a48c6c574d8f80c46a94a0c522b759aeb20
main spandsp 0.0.6-r5 9a976f1330c5f5341dd55b802b8e2d1b4f5be814046be1176cb54809a36e3df9
main spirv-tools 1.4.313.0-r0 aee0231895638719480f05cc328b45d132afb09030f8957d5ba3a930cc06b9c2
main sqlite-libs 3.49.2-r1 7af9a58595642de91ea35d3d070cd38d969680a720ce76b14966859e6fb4af99
community sratom 0.6.18-r0 1a7faf0a36f7135300a0a8af6c938fb5a2af2fe496aa430ea17ac12e68e8a961
community startup-notification 0.12-r8 acb165d452149e5df8c70aa9025ab619345911b571c72c90d11fc204ace119de
community thunar 4.20.3-r0 56dfa9af42830c0c3bf4a2363675b1f80578c4e967f8d99f0773454acb19b64b
community thunar-volman 4.20.0-r0 85ffcd727179d10bf2bde2bd5bf89a462a75ed9bf70fe49db364f96a180c35e7
main tiff 4.7.1-r0 4f12f99134e56e22b2872d4e688e433f385f959487aaab5c6d08ce920b6373ee
community tslib 1.23-r0 93fbe2b51bbda63b6420322a9c9773e6f238a988a6a5a38051ef66eeb31262f9
community tumbler 4.20.0-r0 ac8072053b2d89bd8986d9ff9a0a60b3ca69745029bcf125f79b8bcff7193185
community upower 1.90.9-r0 7bef8586ca31bd1d14407242a6e76572e3d975f37438b2cf15a7ce249b32c3a7
main util-macros 1.20.1-r0 ef4ae42538328da44ce2d5ec188f80bc29c20dcb5bd17887c636adf87362b7e6
main utmps-libs 0.1.3.1-r0 3d1b9714c720828355c2b231fa188791f2b3e5dc26999681765d5adbbf951989
community vidstab 1.1.1-r0 270e658f9134b51b7fb2751e5161e9e43a4de5df3ae8f055a80897e12bf0daf9
community vo-aacenc 0.1.3-r3 1b721aad483e93aeddb5720352e32c6d8677fef457a46856ccdc8557dfdab62d
community vo-amrwbenc 0.1.3-r3 f82caec3ad37ff9ba410256e66a8c4a92bc6b635e5ff9efcb26e9626a33aadc8
community vte3 0.80.4-r0 4ac3ac2921c43fcec2c6f8fa84b8b70b2bb4236fd2611873c7a59540125ea35d
community vte3-profile 0.80.4-r0 01241b962792108912e3d1bab640d662fa6ff9289aab694df99df88e1344465a
main vulkan-loader 1.4.313.0-r0 e0d9a29c6de88601301b3f98d9a57ceae71c9d8f890041679995c173f872407b
main wayland-libs-client 1.23.1-r3 1772469c9f58e9ae06c03905a42844fb87cc060c16555c6182c4015fd19c46fa
main wayland-libs-cursor 1.23.1-r3 8f579a499aee8b42ee7fbc1ad906b10e6fd8fa7828b1fbff0d8fd5e8c863f9c8
main wayland-libs-egl 1.23.1-r3 2b04173744dfb274f6f546c8232ea3f046bf71255fa94660bc849009bd4ac8a4
main wayland-libs-server 1.23.1-r3 4e799eaec00a74f5a268e36b8985353fbb6be17442d5fecf825b2e7fb0ac2e4a
community webkit2gtk-4.1 2.48.1-r1 8a54147a04aef51b82e7655fb23dd06df5a0fdb2fe74760b7a9a7d51a3fb1a24
community x264-libs 0.164.3108-r0 59ace85a331fd557615bcd9c935f69374450c6cbffe5baf29d8186a867c5f76b
community x265-libs 3.6-r0 3c5f42183e784f7fa278f0c1ba41e1c920462fcca57b3fbfed883ca8c120635a
community xauth 1.1.3-r0 4ee8a23412a1192c98a3a5fd310b06273618289b6f5b5802d8f098db6c65ac26
main xcb-util 0.4.1-r3 ad4bc6f19f88418215019a66acdc6ff0cd2d4781c5afe9d74c368af7f31d95a8
community xdg-dbus-proxy 0.1.6-r0 5498abec1215b8e82fb0db8b9c2b464fbd950aee255165147f1ba29c36393181
community xf86-input-libinput 1.5.0-r0 4e4dbd24e6a0be4886a2259dea92a53c594ec5f5d9c3af90fea0de6b26f9f6ad
community xfce4 4.20-r0 dd63868bfb615c9aaac6b29c72ed6d9e8ac4215aed447efaa0ca09fc2616960d
community xfce4-appfinder 4.20.0-r0 6edab657c13fd76f3d2edc45dfe26a8a72d1978e1874063faa6ca45ffa07f12e
community xfce4-notifyd 0.9.6-r0 995561400c5637e929420335997ba0e6309e2cd0deb30aba5efab3c1b059cef0
community xfce4-panel 4.20.4-r0 c9f2d709dbbe5d89549a3e4ad34b7ab1032f7915d6f39d1276679fdab986ec6e
community xfce4-power-manager 4.20.0-r1 184685c1d13651f4167c55d86812069cde0b6f743f7cdfdabb595ebd405bae6f
community xfce4-screensaver 4.18.4-r0 1db1157aa1854802556915d68f0eaa65f1f300c353fad8e1defa019c901f0aa8
community xfce4-session 4.20.2-r0 ea1d0aa2abd8b8ef9b99469b975b83b68799d476f0abaacd72257cd11c06a963
community xfce4-settings 4.20.1-r0 1f4b45aa9153e0446d044ea4d4dcc54d3beb68592f011f0e12926ff81a927af5
community xfce4-terminal 1.1.3-r0 b0717dadfe5b84c9ab5437c19cf8b1c472b7859d092e29bf8f9f49085caf7a88
community xfconf 4.20.0-r1 edaac4d2ce4a33f8166c649bc5ec69a42e3375f304aec79e9464523e4564a62b
community xfdesktop 4.20.1-r0 b06c1f5fa47feb578f330daee22eecfe01d121c10fcaa9c34c951eba97215749
community xfwm4 4.20.0-r1 aa90afcb7f91ce5ac3463864ba99573562c6391836a5259d0eadc1cff465c480
community xinit 1.4.3-r0 23867002e0893ceb903e31b729be35a8387a7047458337569896157af96f6a6e
main xkbcomp 1.5.0-r0 8558dc0e7f09516fce73c575da3c3c2bdec4019fe8537f7a91d642aebdb2444f
main xkeyboard-config 2.43-r0 ada308f15e725bca0fe8c75f64cf088c0be4df844d8d07ebad416ddfcaddaf40
community xmodmap 1.0.11-r1 2bc7b10263850b68183e7afe7a13f35d55db7c0d1b91c6593377b84f311388ca
community xorg-server 21.1.19-r0 56bb5417acbf4460d63f6b80d87dc1e9a9036d473cb85da00d6db2b540729ae0
community xorg-server-common 21.1.19-r0 83625fc6833f33f7622613f11a0d391d112c22dcebbc56445e822b95db9dc5f6
community xprop 1.2.8-r0 45928cfec9b9e42af4b974f357ac62f0bd4bb8b170a171d8dbe78c05457a28db
community xrandr 1.5.2-r0 8c79bc6faa7b98e19bbd46994d1d798ee96fa961823b54bac24b921e0cdc1e7a
community xrdb 1.2.2-r0 be9eb102a3ca699be8abdbe5825f0f9f5c53ba8065c2c3479a464290b3d67e3e
community xvidcore 1.3.7-r2 cb7b46200bc92ae5450ea9a0c2840c25ec54aa92e59bc647c8b2a0a2c966ab09
community xwininfo 1.1.6-r0 4137701c864499ddac2ff91455ef1ac4c36575a58aada70faef728798a7c1465
main xz-libs 5.8.3-r0 ebb49f0e8efb6ac774d5d8f21a7cf7d63c4658fa36ab1ebaf48ebd67efd60142
main yaml 0.2.5-r2 8662fcfd60acc67d6e79866a46a6c01688efea3abd16e709117164e9c29147e5
community zimg 3.0.5-r3 32dffe81e7295c87733b071f9d12b06214fb121e81e8281a67061eabae32bbb8
community zix-libs 0.6.2-r0 a8e331c5b5d38e2f47a2354e78e0ca8625fec0f3438a627108039f9d6ce174fb
main zlib 1.3.2-r0 1f3d5f463f490dad3a68097376711bfe5e8156e9e8daff3070513aa4378cdeca
main zstd-libs 1.5.7-r0 1bdd6e57cfbfbfd6e8481cad37ddd5d199950715bec1879b3afb600272dbb09e
# package-count 343
