# Alpine v3.22 x86_64 LibreOffice Writer additions to the locked Xfce runtime.
# No upgrades of the base Xfce package set. Includes upstream gtk dependencies.
# section package version sha256
main argon2-libs 20190702-r5 2c40c2df2c1b1c6b330f058773b4b50c6a5f6da065d783b3426dbb3e4d208f4f
main at-spi2-core 2.56.5-r0 143e6d7be65d898f5db48f009eb7f8555cd4dd39ea09607a6b5e9d501766c728
main boost1.84-iostreams 1.84.0-r3 c1ea319a136485e3b87c31aa6fea187728b410ca83b5a25a3a0695260a66548b
main boost1.84-locale 1.84.0-r3 35d6ec348489caff1f69c00e5c0a1e705846dd51d3ca66c54d2735c109b1a236
main boost1.84-program_options 1.84.0-r3 a79ac5250cd0fc2047adf2a980f0c44b590bbfc7a35b716c5c726db274035de8
main boost1.84-thread 1.84.0-r3 9faea68ebca0b3c8e5c3163a6eb5bbe82e80b90bc5d5a6d0da014b65355812ac
community box2d 2.4.1-r2 9c0f320b9aedb4faf4e9e9437d984df3b2d686277bc9eb69109ebca129eac0bd
main clucene 2.3.3.4-r22 1d47cf1c024e7a87916ab7018e29d40e6e0221d358ddd8e52582569196b0fe86
main clucene-contribs 2.3.3.4-r22 820b7760475b778ed0523f1cce1e2b97a36cd034fd36850958e1a3994787b373
main dbus-daemon-launch-helper 1.16.2-r1 8845aa8f7eb24b39cc91b9053bbb81c762f512a5ee4320a13f0c2e2bf06f4267
community double-conversion 3.3.1-r0 0ea141fc4ea23b9da973dbda4359bf33e74c2dadcecceb85af188ad4fc27e86b
main file 5.46-r2 94c99dfe7cde72e07aa2b289674e682e821518bfc59e31ce628990d939caed7c
main gdbm 1.24-r0 cb524a457ffbd9c79c6711d9ee883a64a5a9bc6aec4f4b4d047ee67527ac6e6d
community gnome-keyring-pam 48.0-r0 deb25e3bac2c671d6d86d49aa0d3724c0afd2de8fb9e0e02eb1b73f2355b618e
main gnupg-dirmngr 2.4.9-r0 5832ee1a361d26a622888388a312db9c772d9f6f388eacaf197c074758eea1ae
main gnupg-gpgconf 2.4.9-r0 e694dd9174500f594754f00d0c4a6c179fd811f2de4a330628f31e0343c1df69
main gnupg-keyboxd 2.4.9-r0 4752207b3e8747259e6d1dd02758d5d4384c0493acb0cb752cab50928df95fba
main gpg 2.4.9-r0 3ae83c3d8261d93ae30d84a36dd599dcae525a03b9b3baac5c0dc7cf500086e1
main gpg-agent 2.4.9-r0 2eabbb81c1893d67c04471084ac153e3961cb33ec551845803652263a8ca1175
community gpgme 1.24.2-r1 69013d5bdb9e1a883aaf7ce4bb21cf85e213357cfe004a95e5a96d41e599578e
community gpgmepp 1.24.2-r1 e8041deb7ed7b7d88f7ba9e8bfe68acd4f230cc450d276b9b4b8d9f29b7465ce
main gpgsm 2.4.9-r0 901a3bd6c445072eb622b494d9ca984a5cd49b4af1917c68e4d2582304306e6c
main gstreamer-ptp-helper 1.26.3-r0 66d536cd2bcc64afae74d235b51bd3b570b392860094a77d71ac52044fe56206
community gtk4.0 4.18.6-r0 847b4b5e5d60def99f63e30d96f03e8a86d73f146e7f5b74611c57ef80e0dcbb
main harfbuzz-subset 11.2.1-r0 ac255d95970330e65bd6e3d884260796ad542495b897c753ce41cae5d4e5fdeb
community libabw 0.1.3-r3 514c5f1c6a1f41c31baa06547fdc07895009b8f2db8ab0085fdd9bcba816e5cc
main libassuan 2.5.7-r0 c80874db18f9a2671de34a3c13c9dce38b15dbaef7feff7932819abc84a78a53
community libasyncns 0.8-r4 c5c63eff5aec9af7cce01e96dfad422a9db5ef12c3a5541d3d5fed989f6c4578
community libb2 0.98.1-r3 8859a6f8805cb5285f628f2ce5b36a1f4e32fd09fa263146e2146bf754caba13
community libcdr 0.1.8-r1 8c1deb415d30dca0cc009f348ba4017835a61baaea560affab0e7ad6899eca12
community libcmis 0.6.2-r0 8591a0b64f8146e7ba4ecc0ffb0fc5c9e7f2adbbf5cf289ee4943410f6717ecb
community libe-book 0.1.3-r25 dd6d267573c6281717ec56347e90388df5e4a0c64ce02f4cbbd9fa872c922718
community libepubgen 0.1.1-r2 b4f291781d928f2e3b5b6905f335ac3fab6a22c46331855a0db6c0bbf11ca671
community libetonyek 0.1.11-r0 eb21f82e5bfe2ac6c4e7fdb3aa3f0564b4aa8cc18b40f34b80b5f70600b98033
community libexttextcat 3.4.6-r0 940d9eff50504a704716878b74eb1726eb4362d2664bbc22d4bd68de77a18a56
community libfreehand 0.1.2-r11 2f708c7156ca39b274884b8b4997ec6f7321d1999a83edaab8843a2124745e61
main libhunspell 1.7.2-r4 3ef2e44dddb4d943c24b5e4fb8f35bc25a4cbcb7591b61c47d5912acc8ff76e0
community libixion 0.19.0-r1 ffa01949acd37a4c3dd030681ef6f91f1013272df4b6de49d13d2f0d63c6a57a
main libksba 1.6.7-r0 17fc594f9b37617fd803c151ef6d46e5b3b2939bbbd53c6c8ef61727d27406bd
community liblangtag 0.6.7-r0 10748535616c7c67a25d44ffe8c3c67f2bc0f2096e2c60b725ec76105c94446e
main libldap 2.6.8-r0 f3e61557659d696bb47d988eb9bca1e9ac39ec03d4efc643dd75c44f8a7f8ad9
main libltdl 2.5.4-r1 decb17c1b67a20487ffde9e833c0163aca10fe5ede915cac207377e86bba9f7b
main libmagic 5.46-r2 1fe23639567b42d215d860b2983ed4ccad442c658fbc9082e946823e87c251a8
community libmspub 0.1.4-r22 8358e47e3ec102e1132b26443851a6cf80d4e295ae812f93f195c2dab0acf255
community libmwaw 0.3.22-r0 194719b60569b8f81c784b9bdb06e6fcc7298066e17aaa504d83dbd9d082416f
community libnumbertext 1.0.11-r1 1edc162dc6dcbe7118ec129bdf9f85c64142ebe3783a16ba1d548bf27ef7172b
community libodfgen 0.1.8-r8 d7a9321a1d67e7945dfdc5dd51a27fd75092ffe33df8e760bb137562df661deb
community liborcus 0.19.2-r0 bdc5dc8fe872d2658c12afe3013d3a3b6af73b85db701a0c5925b7055fd84c1c
community libpagemaker 0.0.4-r9 43386ac669ef3653726a76127a383996bf26cd1a58b3165159739ef843f48092
main libpanelw 6.5_p20250503-r0 046257a4535a9ced124595a33053948f6bf8b2f02988fefd1108f514d213ad4b
main libpcre2-16 10.46-r0 3e0e70688c2f8410896a760705bbc887f6c9b1b8e6bb510ab1847f1261b13a3e
community libpulse 17.0-r5 1fcb8c142f3b1fe5d204770aae6e18af3c58d43c51dd60c949459424f15064e3
community libqxp 0.0.2-r11 e93ece862c49ef55c8164bd7b323ae7f654d401b3bba8ef40688ec9b6ffc7349
community libreoffice-common 25.2.5.2-r0 676769ea38636a0dd36c157f208be6c5e85d36288153d8116dcf9adac91f26f7
community libreoffice-gtk 25.2.5.2-r0 c350401f97ebd78cc533ee33bd3538e2a9541f3c0725a00f973f9fb402b49173
community libreoffice-lang-en_us 25.2.5.2-r0 4bf8d1a17b9160aeafbf62cf3a3185d95141b068e3be849fb45128a7e0b57c1d
community libreoffice-lang-ja 25.2.5.2-r0 30909d17ea012bcb6db38b584cc61ec92c225fed0f48aba5784cae537b103e24
community libreoffice-writer 25.2.5.2-r0 581baedf1beb6ad52298ca99b1c97f52261b818357c936506e950ec8ff5e6cfb
community librevenge 0.0.5-r2 3ac194059a217fb5e3fbf7d1069cce2cbbc31165f6b78ffc0c4ba696972bf3f6
main libsasl 2.1.28-r8 a89c2ffee9348bff2b20e94e6731ed8a51477925904314908521ccfbbfba149d
community libstaroffice 0.0.7-r8 ee0c5f46d87b0af86ea2abc258ce0309be3033b608b8cbef612eb95dde40fce2
community libvisio 0.1.8-r1 539ef7014afe326b3e978015fa82960603332f24c31ffd3272e1ea4347c8e368
community libwpd 0.10.3-r1 5690e3b2e0524c910cf3da11e96586a0605c3d34583a2e335c1d2ac33fbb5a7b
community libwpg 0.3.4-r0 1031df825dddd6e61f466338b6c28a8adee5bacc6a20f593b79b63c46c613fc0
community libwps 0.4.14-r0 034dd4bf52ffa5aa9cc1eb5a7761dcff95f2bbc9b15712995deb2b98b0e024e6
main libxtst 1.2.5-r0 cd85941c2efdc8c8df58e91d81dcf3707b47cbeec391c0996614df98ec0f0241
community libzmf 0.0.2-r20 b348512439b95ba23141b6516092289f44d256b4c4e878d10625251db708a6b6
main mariadb-connector-c 3.3.10-r0 9e8475fc82a9336efda6304bec41e5099ce5214c0bbed0900a4afb5b37db1bb3
main mpdecimal 4.0.1-r0 28f3d868efbc1e9093b95f4a3f6e74393acd4a37292fcb5c0e0e0612fe83fff3
community mythes 1.2.4-r3 8b46807d13427640ceeb2769f0e2edfbde36bd31a9112f70ec5a029fc0649588
main npth 1.8-r0 d319d52e59ee403fe7dd864d2a7b8089f1dcdbf8320f0e48a64079596a6b03a2
main pinentry 1.3.1-r0 258846d047e8c4f2e998cc018606a4a4c8c9149bf2e965eae31d9b809ad48e50
main py3-gobject3 3.52.3-r1 b5af90748867826e544060c201a43877f3263cfc6f5247dc0c3e473fc7581683
main py3-gobject3-pyc 3.52.3-r1 339188a66be59b3f832dd697a4c6050c0ace6af1e6d8bbc4f8e8bf47e51742cc
main pyc 3.12.14-r0 0aaec77dc160994b61fbc4bb18ded0ada51d3efbda01d51dae9cd2174d5294e6
main python3 3.12.14-r0 f74286399e6910a9e531536b1e49971bda391a2e900d7fdd21e2f2a9da88c2ca
main python3-pyc 3.12.14-r0 0b60221a255764300f8304daa4ce177c92ab276bab13e7f7f007834b2f4cd43f
main python3-pycache-pyc0 3.12.14-r0 ff0f626575e8bdb49f4217f3ebba19fbba55b9c63afbf8a7b402a69aae59a817
community qt6-qtbase 6.8.3-r0 fe0436c99902bfc2b304ad223b7436bec580abfa06058d6f24daa926cae128ea
community qt6-qtbase-x11 6.8.3-r0 be4eea049e7f5f38ab59389002a1ad844455f3f4dc1b4e3691386ba9e1a986e4
community qt6-qtdeclarative 6.8.3-r0 ad7c5a8df1b8cfb58390e8449ab71d0602a70034c7cd00b940d6f5792d7cc739
community qt6-qtmultimedia 6.8.3-r0 78770c0dd2a76741c5081c7a6007a2360189fec736a276659fb28da91b9b6d3a
community qt6-qtmultimedia-ffmpeg 6.8.3-r0 94ad1ed1cdd2cb65d684ac35df17d5375e5880ba24492d1ec3b4d2d5e58e2a88
community qt6-qtwayland 6.8.3-r0 030f3e9954cb48340e864025d7b835e4c05455e0377bbd9ca0a9652ba73cbaad
community raptor2 2.0.16-r1 20b9f10e3c342badf2de3e58f5dff3a32e3b2d8757eb7e34734f009d60842d04
community rasqal 0.9.33-r3 c97540cc970fa7edb8079eec759ff6f339a887c6a7a54dbf6551bb64a7381f27
community redland 1.0.17-r3 87a95742b24063959071c91b5607bd1790598a0439e0fcabff21ed1ed3c69716
main speexdsp 1.2.1-r2 2a498d18af36fd6aca44bd1611f02771a956f0d02555eca5f73017c924a723fd
main ssl_client 1.37.0-r20 11b2a5f91caf8eb5daa9a0bc2586f93545de62897f3a704fd49533e1654b7a68
main tdb-libs 1.4.12-r0 1791bfc804c5fd037c59d2fe377b9f78672b0235be1c73f8a41250c32668c8ce
main tzdata 2026c-r0 69210881b8b36ffac662a5a85d5014079ca9f8036d25f6b8969f7751c256531c
community xcb-util-cursor 0.1.5-r0 b8af4790e5c309b2e85ba0e1c340aeeec678da20501137c5131961421355609f
community xcb-util-image 0.4.1-r0 e08a2c05d85edd94aba61a015cc8b04e6d46dea86bf6af0b3eeb48de4d48a1db
community xcb-util-keysyms 0.4.1-r0 b87de56907239eb7313fa28e54197796345cc1deddd25e0470118fac0ac8e419
community xcb-util-renderutil 0.3.10-r0 8ca0fc7fc70a5ba5e605366e0cd5a960a1e0b09504ddeb80296691cea6ce68e8
community xcb-util-wm 0.4.2-r0 49113fdc9ae7880370c5c6c9713c6c4530024d169b4543a55c38d2f3e52593f6
community xdg-utils 1.2.1-r1 da11b63510af4411c90e956632d2c18705960d95b41e57848d04063fa740aa42
community xfce4-screensaver-configure 4.18.4-r0 5416f91314889e3dc17d2124312ca317d7f91bd9c42a5e811c6fe886d31f2b80
community xmlsec 1.3.7-r0 4a828db73204e6913f62b37d35b6ccab3904ce7bd4e36667604e5958dd742f28
community xmlsec-nss 1.3.7-r0 ae666fac668037c976c97231be9b7efde208d3cbe91ef4139fdfe4b8764b7953
community xset 1.2.5-r1 77efa94688bf60ef5f7579af7656357d61ecabc40ce07f27ced3070e4000bd06
main yajl 2.1.0-r9 ffff19f68b226cf65473e944cdc9d2cb00fd27a11a69ed2daaa2ad0275a6c0aa
community zxing-cpp 2.3.0-r1 b400ae3cd953334c5c0c536f2cc4e5dde037cc4552ddcaa328c8b86d04df6c0f
# package-count 103
