# This file is automatically @generated by Cargo.
# It is not intended for manual editing.
version = 4

[[package]]
name = "cap_std"
version = "0.1.0"
dependencies = [
 "rt_core",
 "rt_handle",
 "rt_io",
]

[[package]]
name = "caplibgl"
version = "0.1.0"
dependencies = [
 "rt_core",
 "rt_handle",
]

[[package]]
name = "capwm_client"
version = "0.1.0"
dependencies = [
 "cap_std",
 "caplibgl",
 "rt_core",
 "rt_handle",
]

[[package]]
name = "pachaland"
version = "0.1.0"
dependencies = [
 "cap_std",
 "caplibgl",
 "capwm_client",
 "rt_alloc",
 "rt_core",
]

[[package]]
name = "rt_alloc"
version = "0.1.0"
dependencies = [
 "rt_core",
]

[[package]]
name = "rt_core"
version = "0.1.0"

[[package]]
name = "rt_handle"
version = "0.1.0"
dependencies = [
 "rt_core",
]

[[package]]
name = "rt_io"
version = "0.1.0"
dependencies = [
 "rt_core",
 "rt_handle",
]
